
Microsoft Visual Studio Solution File, Format Version 12.00
# Visual Studio 15
Project("{FAE04EC0-301F-11D3-BF4B-00C04F79EFBC}") = "Assembly-CSharp", "Assembly-CSharp.csproj", "{7E38830C-368E-F67B-A7D0-1763404623A7}"
EndProject
Project("{FAE04EC0-301F-11D3-BF4B-00C04F79EFBC}") = "Assembly-CSharp-Editor", "Assembly-CSharp-Editor.csproj", "{EDF4CBB4-0A3B-96E3-2F0A-577C54C3889F}"
EndProject
Global
	GlobalSection(SolutionConfigurationPlatforms) = preSolution
		Debug|Any CPU = Debug|Any CPU
		Release|Any CPU = Release|Any CPU
	EndGlobalSection
	GlobalSection(ProjectConfigurationPlatforms) = postSolution
		{7E38830C-368E-F67B-A7D0-1763404623A7}.Debug|Any CPU.ActiveCfg = Debug|Any CPU
		{7E38830C-368E-F67B-A7D0-1763404623A7}.Debug|Any CPU.Build.0 = Debug|Any CPU
		{7E38830C-368E-F67B-A7D0-1763404623A7}.Release|Any CPU.ActiveCfg = Release|Any CPU
		{7E38830C-368E-F67B-A7D0-1763404623A7}.Release|Any CPU.Build.0 = Release|Any CPU
		{EDF4CBB4-0A3B-96E3-2F0A-577C54C3889F}.Debug|Any CPU.ActiveCfg = Debug|Any CPU
		{EDF4CBB4-0A3B-96E3-2F0A-577C54C3889F}.Debug|Any CPU.Build.0 = Debug|Any CPU
		{EDF4CBB4-0A3B-96E3-2F0A-577C54C3889F}.Release|Any CPU.ActiveCfg = Release|Any CPU
		{EDF4CBB4-0A3B-96E3-2F0A-577C54C3889F}.Release|Any CPU.Build.0 = Release|Any CPU
	EndGlobalSection
	GlobalSection(SolutionProperties) = preSolution
		HideSolutionNode = FALSE
	EndGlobalSection
EndGlobal
